<Solution>
  <Project Path="WinFormsApp1/Фунтф-килограммы-2.csproj" Id="fd6c3055-8a66-4b43-9829-3033a5934490" />
  <Project Path="Комплектация автомобиля/Комплектация автомобиля.csproj" Id="b18af3b9-0811-4e32-8b33-cc3109a33f30" />
  <Project Path="Конвертор/Конвертор.csproj" Id="c1aab784-b1ac-490a-8fb2-02dd35fa3d43" />
  <Project Path="Мили-километры/Мили-километры.csproj" />
  <Project Path="Фото/Фото.csproj" Id="a2e4fba8-7af4-4a38-855e-bc8f5584e362" />
  <Project Path="Фунты-килограммы/Фунты-килограммы.csproj" Id="dbd0caa1-ad7c-4efd-8b18-05f68dbf9474" />
</Solution>
